// !$*UTF8*$!
{
	archiveVersion = 1;
	classes = {
	};
	objectVersion = 55;
	objects = {

/* Begin PBXBuildFile section */
		7B075BF9291B885500118B1D /* Hamburger.swift in Sources */ = {isa = PBXBuildFile; fileRef = 7B075BF8291B885500118B1D /* Hamburger.swift */; };
		7B1429F428977C69007EC672 /* RemoveDuplicatesSortedList.swift in Sources */ = {isa = PBXBuildFile; fileRef = 7B1429F328977C69007EC672 /* RemoveDuplicatesSortedList.swift */; };
		7B14BA842923A68E0089FE11 /* JadenCase.swift in Sources */ = {isa = PBXBuildFile; fileRef = 7B14BA832923A68E0089FE11 /* JadenCase.swift */; };
		7B17F37E2922462C0026A635 /* TriangleSnail.swift in Sources */ = {isa = PBXBuildFile; fileRef = 7B17F37D2922462C0026A635 /* TriangleSnail.swift */; };
		7B2318AC2898C7EC006D8FBD /* MergeSortedArray.swift in Sources */ = {isa = PBXBuildFile; fileRef = 7B2318AB2898C7EC006D8FBD /* MergeSortedArray.swift */; };
		7B340FFF291A36C000BC300C /* FoodFight.swift in Sources */ = {isa = PBXBuildFile; fileRef = 7B340FFE291A36C000BC300C /* FoodFight.swift */; };
		7B3A8F5D288183CB002CD7B0 /* main.swift in Sources */ = {isa = PBXBuildFile; fileRef = 7B3A8F5C288183CB002CD7B0 /* main.swift */; };
		7B3A8F642881844B002CD7B0 /* ReportResult.swift in Sources */ = {isa = PBXBuildFile; fileRef = 7B3A8F632881844B002CD7B0 /* ReportResult.swift */; };
		7B3A8F672881AADC002CD7B0 /* CraneGame.swift in Sources */ = {isa = PBXBuildFile; fileRef = 7B3A8F662881AADC002CD7B0 /* CraneGame.swift */; };
		7B4F91312896503800090BA1 /* ClimbingStairs.swift in Sources */ = {isa = PBXBuildFile; fileRef = 7B4F91302896503800090BA1 /* ClimbingStairs.swift */; };
		7B568AFC2923A3E300DBD845 /* MaxMinValue.swift in Sources */ = {isa = PBXBuildFile; fileRef = 7B568AFB2923A3E300DBD845 /* MaxMinValue.swift */; };
		7B74F3402893B6F50068A964 /* AddBinary.swift in Sources */ = {isa = PBXBuildFile; fileRef = 7B74F33F2893B6F50068A964 /* AddBinary.swift */; };
		7B92294C2894FDAA002981C9 /* Sqrt.swift in Sources */ = {isa = PBXBuildFile; fileRef = 7B92294B2894FDAA002981C9 /* Sqrt.swift */; };
		7BAA265D28922A0C0081B199 /* PlusOne.swift in Sources */ = {isa = PBXBuildFile; fileRef = 7BAA265C28922A0C0081B199 /* PlusOne.swift */; };
		7BCE6E8E289039E500DD7081 /* SearchInsertPosition.swift in Sources */ = {isa = PBXBuildFile; fileRef = 7BCE6E8D289039E500DD7081 /* SearchInsertPosition.swift */; };
		7BCE6E902890D14300DD7081 /* LengthofLastWord.swift in Sources */ = {isa = PBXBuildFile; fileRef = 7BCE6E8F2890D14300DD7081 /* LengthofLastWord.swift */; };
		7BF708A62883D57900B7F6DD /* StringZip.swift in Sources */ = {isa = PBXBuildFile; fileRef = 7BF708A52883D57900B7F6DD /* StringZip.swift */; };
		7BF708A82885189000B7F6DD /* OpenChatRoom.swift in Sources */ = {isa = PBXBuildFile; fileRef = 7BF708A72885189000B7F6DD /* OpenChatRoom.swift */; };
		7BFF2DBA291DEBCB00EF2C6C /* EvenAndOdd.swift in Sources */ = {isa = PBXBuildFile; fileRef = 7BFF2DB9291DEBCB00EF2C6C /* EvenAndOdd.swift */; };
		7BFF2DBC291DEC3900EF2C6C /* NumToArray.swift in Sources */ = {isa = PBXBuildFile; fileRef = 7BFF2DBB291DEC3900EF2C6C /* NumToArray.swift */; };
/* End PBXBuildFile section */

/* Begin PBXCopyFilesBuildPhase section */
		7B3A8F57288183CB002CD7B0 /* CopyFiles */ = {
			isa = PBXCopyFilesBuildPhase;
			buildActionMask = 2147483647;
			dstPath = /usr/share/man/man1/;
			dstSubfolderSpec = 0;
			files = (
			);
			runOnlyForDeploymentPostprocessing = 1;
		};
/* End PBXCopyFilesBuildPhase section */

/* Begin PBXFileReference section */
		7B075BF8291B885500118B1D /* Hamburger.swift */ = {isa = PBXFileReference; lastKnownFileType = sourcecode.swift; path = Hamburger.swift; sourceTree = "<group>"; };
		7B1429F328977C69007EC672 /* RemoveDuplicatesSortedList.swift */ = {isa = PBXFileReference; lastKnownFileType = sourcecode.swift; path = RemoveDuplicatesSortedList.swift; sourceTree = "<group>"; };
		7B14BA832923A68E0089FE11 /* JadenCase.swift */ = {isa = PBXFileReference; lastKnownFileType = sourcecode.swift; path = JadenCase.swift; sourceTree = "<group>"; };
		7B17F37D2922462C0026A635 /* TriangleSnail.swift */ = {isa = PBXFileReference; lastKnownFileType = sourcecode.swift; path = TriangleSnail.swift; sourceTree = "<group>"; };
		7B2318AB2898C7EC006D8FBD /* MergeSortedArray.swift */ = {isa = PBXFileReference; lastKnownFileType = sourcecode.swift; path = MergeSortedArray.swift; sourceTree = "<group>"; };
		7B340FFE291A36C000BC300C /* FoodFight.swift */ = {isa = PBXFileReference; lastKnownFileType = sourcecode.swift; path = FoodFight.swift; sourceTree = "<group>"; };
		7B3A8F59288183CB002CD7B0 /* Algorithms */ = {isa = PBXFileReference; explicitFileType = "compiled.mach-o.executable"; includeInIndex = 0; path = Algorithms; sourceTree = BUILT_PRODUCTS_DIR; };
		7B3A8F5C288183CB002CD7B0 /* main.swift */ = {isa = PBXFileReference; lastKnownFileType = sourcecode.swift; path = main.swift; sourceTree = "<group>"; };
		7B3A8F632881844B002CD7B0 /* ReportResult.swift */ = {isa = PBXFileReference; lastKnownFileType = sourcecode.swift; path = ReportResult.swift; sourceTree = "<group>"; };
		7B3A8F662881AADC002CD7B0 /* CraneGame.swift */ = {isa = PBXFileReference; lastKnownFileType = sourcecode.swift; path = CraneGame.swift; sourceTree = "<group>"; };
		7B4F91302896503800090BA1 /* ClimbingStairs.swift */ = {isa = PBXFileReference; lastKnownFileType = sourcecode.swift; path = ClimbingStairs.swift; sourceTree = "<group>"; };
		7B568AFB2923A3E300DBD845 /* MaxMinValue.swift */ = {isa = PBXFileReference; lastKnownFileType = sourcecode.swift; path = MaxMinValue.swift; sourceTree = "<group>"; };
		7B74F33F2893B6F50068A964 /* AddBinary.swift */ = {isa = PBXFileReference; lastKnownFileType = sourcecode.swift; path = AddBinary.swift; sourceTree = "<group>"; };
		7B92294B2894FDAA002981C9 /* Sqrt.swift */ = {isa = PBXFileReference; lastKnownFileType = sourcecode.swift; path = Sqrt.swift; sourceTree = "<group>"; };
		7BAA265C28922A0C0081B199 /* PlusOne.swift */ = {isa = PBXFileReference; lastKnownFileType = sourcecode.swift; path = PlusOne.swift; sourceTree = "<group>"; };
		7BCE6E8D289039E500DD7081 /* SearchInsertPosition.swift */ = {isa = PBXFileReference; lastKnownFileType = sourcecode.swift; path = SearchInsertPosition.swift; sourceTree = "<group>"; };
		7BCE6E8F2890D14300DD7081 /* LengthofLastWord.swift */ = {isa = PBXFileReference; lastKnownFileType = sourcecode.swift; path = LengthofLastWord.swift; sourceTree = "<group>"; };
		7BF708A52883D57900B7F6DD /* StringZip.swift */ = {isa = PBXFileReference; lastKnownFileType = sourcecode.swift; path = StringZip.swift; sourceTree = "<group>"; };
		7BF708A72885189000B7F6DD /* OpenChatRoom.swift */ = {isa = PBXFileReference; lastKnownFileType = sourcecode.swift; path = OpenChatRoom.swift; sourceTree = "<group>"; };
		7BFF2DB9291DEBCB00EF2C6C /* EvenAndOdd.swift */ = {isa = PBXFileReference; lastKnownFileType = sourcecode.swift; path = EvenAndOdd.swift; sourceTree = "<group>"; };
		7BFF2DBB291DEC3900EF2C6C /* NumToArray.swift */ = {isa = PBXFileReference; lastKnownFileType = sourcecode.swift; path = NumToArray.swift; sourceTree = "<group>"; };
/* End PBXFileReference section */

/* Begin PBXFrameworksBuildPhase section */
		7B3A8F56288183CB002CD7B0 /* Frameworks */ = {
			isa = PBXFrameworksBuildPhase;
			buildActionMask = 2147483647;
			files = (
			);
			runOnlyForDeploymentPostprocessing = 0;
		};
/* End PBXFrameworksBuildPhase section */

/* Begin PBXGroup section */
		7B3A8F50288183CA002CD7B0 = {
			isa = PBXGroup;
			children = (
				7B3A8F5B288183CB002CD7B0 /* Algorithms */,
				7B3A8F5A288183CB002CD7B0 /* Products */,
			);
			sourceTree = "<group>";
		};
		7B3A8F5A288183CB002CD7B0 /* Products */ = {
			isa = PBXGroup;
			children = (
				7B3A8F59288183CB002CD7B0 /* Algorithms */,
			);
			name = Products;
			sourceTree = "<group>";
		};
		7B3A8F5B288183CB002CD7B0 /* Algorithms */ = {
			isa = PBXGroup;
			children = (
				7BCE6E8C289039C100DD7081 /* LeetCode */,
				7B3A8F6528818473002CD7B0 /* Programmers */,
				7B3A8F5C288183CB002CD7B0 /* main.swift */,
			);
			path = Algorithms;
			sourceTree = "<group>";
		};
		7B3A8F6528818473002CD7B0 /* Programmers */ = {
			isa = PBXGroup;
			children = (
				7B3A8F632881844B002CD7B0 /* ReportResult.swift */,
				7B3A8F662881AADC002CD7B0 /* CraneGame.swift */,
				7BF708A52883D57900B7F6DD /* StringZip.swift */,
				7BF708A72885189000B7F6DD /* OpenChatRoom.swift */,
				7B340FFE291A36C000BC300C /* FoodFight.swift */,
				7B075BF8291B885500118B1D /* Hamburger.swift */,
				7BFF2DB9291DEBCB00EF2C6C /* EvenAndOdd.swift */,
				7BFF2DBB291DEC3900EF2C6C /* NumToArray.swift */,
				7B17F37D2922462C0026A635 /* TriangleSnail.swift */,
				7B568AFB2923A3E300DBD845 /* MaxMinValue.swift */,
				7B14BA832923A68E0089FE11 /* JadenCase.swift */,
			);
			path = Programmers;
			sourceTree = "<group>";
		};
		7BCE6E8C289039C100DD7081 /* LeetCode */ = {
			isa = PBXGroup;
			children = (
				7BCE6E8D289039E500DD7081 /* SearchInsertPosition.swift */,
				7BCE6E8F2890D14300DD7081 /* LengthofLastWord.swift */,
				7BAA265C28922A0C0081B199 /* PlusOne.swift */,
				7B74F33F2893B6F50068A964 /* AddBinary.swift */,
				7B92294B2894FDAA002981C9 /* Sqrt.swift */,
				7B4F91302896503800090BA1 /* ClimbingStairs.swift */,
				7B1429F328977C69007EC672 /* RemoveDuplicatesSortedList.swift */,
				7B2318AB2898C7EC006D8FBD /* MergeSortedArray.swift */,
			);
			path = LeetCode;
			sourceTree = "<group>";
		};
/* End PBXGroup section */

/* Begin PBXNativeTarget section */
		7B3A8F58288183CB002CD7B0 /* Algorithms */ = {
			isa = PBXNativeTarget;
			buildConfigurationList = 7B3A8F60288183CB002CD7B0 /* Build configuration list for PBXNativeTarget "Algorithms" */;
			buildPhases = (
				7B3A8F55288183CB002CD7B0 /* Sources */,
				7B3A8F56288183CB002CD7B0 /* Frameworks */,
				7B3A8F57288183CB002CD7B0 /* CopyFiles */,
			);
			buildRules = (
			);
			dependencies = (
			);
			name = Algorithms;
			productName = Algorithms;
			productReference = 7B3A8F59288183CB002CD7B0 /* Algorithms */;
			productType = "com.apple.product-type.tool";
		};
/* End PBXNativeTarget section */

/* Begin PBXProject section */
		7B3A8F51288183CB002CD7B0 /* Project object */ = {
			isa = PBXProject;
			attributes = {
				BuildIndependentTargetsInParallel = 1;
				LastSwiftUpdateCheck = 1340;
				LastUpgradeCheck = 1340;
				TargetAttributes = {
					7B3A8F58288183CB002CD7B0 = {
						CreatedOnToolsVersion = 13.4.1;
					};
				};
			};
			buildConfigurationList = 7B3A8F54288183CB002CD7B0 /* Build configuration list for PBXProject "Algorithms" */;
			compatibilityVersion = "Xcode 13.0";
			developmentRegion = en;
			hasScannedForEncodings = 0;
			knownRegions = (
				en,
				Base,
			);
			mainGroup = 7B3A8F50288183CA002CD7B0;
			productRefGroup = 7B3A8F5A288183CB002CD7B0 /* Products */;
			projectDirPath = "";
			projectRoot = "";
			targets = (
				7B3A8F58288183CB002CD7B0 /* Algorithms */,
			);
		};
/* End PBXProject section */

/* Begin PBXSourcesBuildPhase section */
		7B3A8F55288183CB002CD7B0 /* Sources */ = {
			isa = PBXSourcesBuildPhase;
			buildActionMask = 2147483647;
			files = (
				7B14BA842923A68E0089FE11 /* JadenCase.swift in Sources */,
				7BFF2DBC291DEC3900EF2C6C /* NumToArray.swift in Sources */,
				7B568AFC2923A3E300DBD845 /* MaxMinValue.swift in Sources */,
				7B340FFF291A36C000BC300C /* FoodFight.swift in Sources */,
				7BF708A62883D57900B7F6DD /* StringZip.swift in Sources */,
				7B2318AC2898C7EC006D8FBD /* MergeSortedArray.swift in Sources */,
				7BFF2DBA291DEBCB00EF2C6C /* EvenAndOdd.swift in Sources */,
				7B92294C2894FDAA002981C9 /* Sqrt.swift in Sources */,
				7BCE6E8E289039E500DD7081 /* SearchInsertPosition.swift in Sources */,
				7B3A8F5D288183CB002CD7B0 /* main.swift in Sources */,
				7BCE6E902890D14300DD7081 /* LengthofLastWord.swift in Sources */,
				7B4F91312896503800090BA1 /* ClimbingStairs.swift in Sources */,
				7B74F3402893B6F50068A964 /* AddBinary.swift in Sources */,
				7B3A8F672881AADC002CD7B0 /* CraneGame.swift in Sources */,
				7B1429F428977C69007EC672 /* RemoveDuplicatesSortedList.swift in Sources */,
				7B3A8F642881844B002CD7B0 /* ReportResult.swift in Sources */,
				7BAA265D28922A0C0081B199 /* PlusOne.swift in Sources */,
				7B17F37E2922462C0026A635 /* TriangleSnail.swift in Sources */,
				7BF708A82885189000B7F6DD /* OpenChatRoom.swift in Sources */,
				7B075BF9291B885500118B1D /* Hamburger.swift in Sources */,
			);
			runOnlyForDeploymentPostprocessing = 0;
		};
/* End PBXSourcesBuildPhase section */

/* Begin XCBuildConfiguration section */
		7B3A8F5E288183CB002CD7B0 /* Debug */ = {
			isa = XCBuildConfiguration;
			buildSettings = {
				ALWAYS_SEARCH_USER_PATHS = NO;
				CLANG_ANALYZER_NONNULL = YES;
				CLANG_ANALYZER_NUMBER_OBJECT_CONVERSION = YES_AGGRESSIVE;
				CLANG_CXX_LANGUAGE_STANDARD = "gnu++17";
				CLANG_ENABLE_MODULES = YES;
				CLANG_ENABLE_OBJC_ARC = YES;
				CLANG_ENABLE_OBJC_WEAK = YES;
				CLANG_WARN_BLOCK_CAPTURE_AUTORELEASING = YES;
				CLANG_WARN_BOOL_CONVERSION = YES;
				CLANG_WARN_COMMA = YES;
				CLANG_WARN_CONSTANT_CONVERSION = YES;
				CLANG_WARN_DEPRECATED_OBJC_IMPLEMENTATIONS = YES;
				CLANG_WARN_DIRECT_OBJC_ISA_USAGE = YES_ERROR;
				CLANG_WARN_DOCUMENTATION_COMMENTS = YES;
				CLANG_WARN_EMPTY_BODY = YES;
				CLANG_WARN_ENUM_CONVERSION = YES;
				CLANG_WARN_INFINITE_RECURSION = YES;
				CLANG_WARN_INT_CONVERSION = YES;
				CLANG_WARN_NON_LITERAL_NULL_CONVERSION = YES;
				CLANG_WARN_OBJC_IMPLICIT_RETAIN_SELF = YES;
				CLANG_WARN_OBJC_LITERAL_CONVERSION = YES;
				CLANG_WARN_OBJC_ROOT_CLASS = YES_ERROR;
				CLANG_WARN_QUOTED_INCLUDE_IN_FRAMEWORK_HEADER = YES;
				CLANG_WARN_RANGE_LOOP_ANALYSIS = YES;
				CLANG_WARN_STRICT_PROTOTYPES = YES;
				CLANG_WARN_SUSPICIOUS_MOVE = YES;
				CLANG_WARN_UNGUARDED_AVAILABILITY = YES_AGGRESSIVE;
				CLANG_WARN_UNREACHABLE_CODE = YES;
				CLANG_WARN__DUPLICATE_METHOD_MATCH = YES;
				COPY_PHASE_STRIP = NO;
				DEBUG_INFORMATION_FORMAT = dwarf;
				ENABLE_STRICT_OBJC_MSGSEND = YES;
				ENABLE_TESTABILITY = YES;
				GCC_C_LANGUAGE_STANDARD = gnu11;
				GCC_DYNAMIC_NO_PIC = NO;
				GCC_NO_COMMON_BLOCKS = YES;
				GCC_OPTIMIZATION_LEVEL = 0;
				GCC_PREPROCESSOR_DEFINITIONS = (
					"DEBUG=1",
					"$(inherited)",
				);
				GCC_WARN_64_TO_32_BIT_CONVERSION = YES;
				GCC_WARN_ABOUT_RETURN_TYPE = YES_ERROR;
				GCC_WARN_UNDECLARED_SELECTOR = YES;
				GCC_WARN_UNINITIALIZED_AUTOS = YES_AGGRESSIVE;
				GCC_WARN_UNUSED_FUNCTION = YES;
				GCC_WARN_UNUSED_VARIABLE = YES;
				MACOSX_DEPLOYMENT_TARGET = 12.3;
				MTL_ENABLE_DEBUG_INFO = INCLUDE_SOURCE;
				MTL_FAST_MATH = YES;
				ONLY_ACTIVE_ARCH = YES;
				SDKROOT = macosx;
				SWIFT_ACTIVE_COMPILATION_CONDITIONS = DEBUG;
				SWIFT_OPTIMIZATION_LEVEL = "-Onone";
			};
			name = Debug;
		};
		7B3A8F5F288183CB002CD7B0 /* Release */ = {
			isa = XCBuildConfiguration;
			buildSettings = {
				ALWAYS_SEARCH_USER_PATHS = NO;
				CLANG_ANALYZER_NONNULL = YES;
				CLANG_ANALYZER_NUMBER_OBJECT_CONVERSION = YES_AGGRESSIVE;
				CLANG_CXX_LANGUAGE_STANDARD = "gnu++17";
				CLANG_ENABLE_MODULES = YES;
				CLANG_ENABLE_OBJC_ARC = YES;
				CLANG_ENABLE_OBJC_WEAK = YES;
				CLANG_WARN_BLOCK_CAPTURE_AUTORELEASING = YES;
				CLANG_WARN_BOOL_CONVERSION = YES;
				CLANG_WARN_COMMA = YES;
				CLANG_WARN_CONSTANT_CONVERSION = YES;
				CLANG_WARN_DEPRECATED_OBJC_IMPLEMENTATIONS = YES;
				CLANG_WARN_DIRECT_OBJC_ISA_USAGE = YES_ERROR;
				CLANG_WARN_DOCUMENTATION_COMMENTS = YES;
				CLANG_WARN_EMPTY_BODY = YES;
				CLANG_WARN_ENUM_CONVERSION = YES;
				CLANG_WARN_INFINITE_RECURSION = YES;
				CLANG_WARN_INT_CONVERSION = YES;
				CLANG_WARN_NON_LITERAL_NULL_CONVERSION = YES;
				CLANG_WARN_OBJC_IMPLICIT_RETAIN_SELF = YES;
				CLANG_WARN_OBJC_LITERAL_CONVERSION = YES;
				CLANG_WARN_OBJC_ROOT_CLASS = YES_ERROR;
				CLANG_WARN_QUOTED_INCLUDE_IN_FRAMEWORK_HEADER = YES;
				CLANG_WARN_RANGE_LOOP_ANALYSIS = YES;
				CLANG_WARN_STRICT_PROTOTYPES = YES;
				CLANG_WARN_SUSPICIOUS_MOVE = YES;
				CLANG_WARN_UNGUARDED_AVAILABILITY = YES_AGGRESSIVE;
				CLANG_WARN_UNREACHABLE_CODE = YES;
				CLANG_WARN__DUPLICATE_METHOD_MATCH = YES;
				COPY_PHASE_STRIP = NO;
				DEBUG_INFORMATION_FORMAT = "dwarf-with-dsym";
				ENABLE_NS_ASSERTIONS = NO;
				ENABLE_STRICT_OBJC_MSGSEND = YES;
				GCC_C_LANGUAGE_STANDARD = gnu11;
				GCC_NO_COMMON_BLOCKS = YES;
				GCC_WARN_64_TO_32_BIT_CONVERSION = YES;
				GCC_WARN_ABOUT_RETURN_TYPE = YES_ERROR;
				GCC_WARN_UNDECLARED_SELECTOR = YES;
				GCC_WARN_UNINITIALIZED_AUTOS = YES_AGGRESSIVE;
				GCC_WARN_UNUSED_FUNCTION = YES;
				GCC_WARN_UNUSED_VARIABLE = YES;
				MACOSX_DEPLOYMENT_TARGET = 12.3;
				MTL_ENABLE_DEBUG_INFO = NO;
				MTL_FAST_MATH = YES;
				SDKROOT = macosx;
				SWIFT_COMPILATION_MODE = wholemodule;
				SWIFT_OPTIMIZATION_LEVEL = "-O";
			};
			name = Release;
		};
		7B3A8F61288183CB002CD7B0 /* Debug */ = {
			isa = XCBuildConfiguration;
			buildSettings = {
				CODE_SIGN_STYLE = Automatic;
				PRODUCT_NAME = "$(TARGET_NAME)";
				SWIFT_VERSION = 5.0;
			};
			name = Debug;
		};
		7B3A8F62288183CB002CD7B0 /* Release */ = {
			isa = XCBuildConfiguration;
			buildSettings = {
				CODE_SIGN_STYLE = Automatic;
				PRODUCT_NAME = "$(TARGET_NAME)";
				SWIFT_VERSION = 5.0;
			};
			name = Release;
		};
/* End XCBuildConfiguration section */

/* Begin XCConfigurationList section */
		7B3A8F54288183CB002CD7B0 /* Build configuration list for PBXProject "Algorithms" */ = {
			isa = XCConfigurationList;
			buildConfigurations = (
				7B3A8F5E288183CB002CD7B0 /* Debug */,
				7B3A8F5F288183CB002CD7B0 /* Release */,
			);
			defaultConfigurationIsVisible = 0;
			defaultConfigurationName = Release;
		};
		7B3A8F60288183CB002CD7B0 /* Build configuration list for PBXNativeTarget "Algorithms" */ = {
			isa = XCConfigurationList;
			buildConfigurations = (
				7B3A8F61288183CB002CD7B0 /* Debug */,
				7B3A8F62288183CB002CD7B0 /* Release */,
			);
			defaultConfigurationIsVisible = 0;
			defaultConfigurationName = Release;
		};
/* End XCConfigurationList section */
	};
	rootObject = 7B3A8F51288183CB002CD7B0 /* Project object */;
}
